P15: b081e1bef45061f17a561f071963d02480619ea033babb64a2e7211013a680e8
P18: 40bf19b0ba44270fb26589b44fec0cea8e853f16c388fd841cdc00655f48e293
P20: 74ec536bc98a2a7f55a6ea2ebaefd69b6f430223f7acf8dc4e16e2a108598b4e
P19: 5b728de09bf17d1c9f08e0ace12b851909fc2407fc450491a01611ae2e625178
P21: 3ed875463de17d306a66ed032a0467dd64cfa5e576fb454a4af4ef502a375802
